
Microsoft Visual Studio Solution File, Format Version 12.00
# Visual Studio Version 17
VisualStudioVersion = 17.0.31903.59
MinimumVisualStudioVersion = 10.0.40219.1
Project("{2150E333-8FDC-42A3-9474-1A3956D46DE8}") = "src", "src", "{FBA7FB20-0CED-4AC0-8AB0-13E33560309C}"
EndProject
Project("{FAE04EC0-301F-11D3-BF4B-00C04F79EFBC}") = "Bref", "src\Bref\Bref.csproj", "{88638BC8-F4A1-495D-88DD-FC693D1C1ED5}"
EndProject
Project("{FAE04EC0-301F-11D3-BF4B-00C04F79EFBC}") = "Bref.Tests", "src\Bref.Tests\Bref.Tests.csproj", "{20C0F2AA-4448-47A6-BD84-B7EE8F1F9FD9}"
EndProject
Global
	GlobalSection(SolutionConfigurationPlatforms) = preSolution
		Debug|Any CPU = Debug|Any CPU
		Release|Any CPU = Release|Any CPU
	EndGlobalSection
	GlobalSection(SolutionProperties) = preSolution
		HideSolutionNode = FALSE
	EndGlobalSection
	GlobalSection(ProjectConfigurationPlatforms) = postSolution
		{88638BC8-F4A1-495D-88DD-FC693D1C1ED5}.Debug|Any CPU.ActiveCfg = Debug|Any CPU
		{88638BC8-F4A1-495D-88DD-FC693D1C1ED5}.Debug|Any CPU.Build.0 = Debug|Any CPU
		{88638BC8-F4A1-495D-88DD-FC693D1C1ED5}.Release|Any CPU.ActiveCfg = Release|Any CPU
		{88638BC8-F4A1-495D-88DD-FC693D1C1ED5}.Release|Any CPU.Build.0 = Release|Any CPU
		{20C0F2AA-4448-47A6-BD84-B7EE8F1F9FD9}.Debug|Any CPU.ActiveCfg = Debug|Any CPU
		{20C0F2AA-4448-47A6-BD84-B7EE8F1F9FD9}.Debug|Any CPU.Build.0 = Debug|Any CPU
		{20C0F2AA-4448-47A6-BD84-B7EE8F1F9FD9}.Release|Any CPU.ActiveCfg = Release|Any CPU
		{20C0F2AA-4448-47A6-BD84-B7EE8F1F9FD9}.Release|Any CPU.Build.0 = Release|Any CPU
	EndGlobalSection
	GlobalSection(NestedProjects) = preSolution
		{88638BC8-F4A1-495D-88DD-FC693D1C1ED5} = {FBA7FB20-0CED-4AC0-8AB0-13E33560309C}
		{20C0F2AA-4448-47A6-BD84-B7EE8F1F9FD9} = {FBA7FB20-0CED-4AC0-8AB0-13E33560309C}
	EndGlobalSection
EndGlobal
